// !$*UTF8*$!
{
	archiveVersion = 1;
	classes = {
	};
	objectVersion = 46;
	objects = {

/* Begin PBXBuildFile section */
		091BE1211EA8ABF300160BCF /* MainViewController.m in Sources */ = {isa = PBXBuildFile; fileRef = 091BE1201EA8ABF300160BCF /* MainViewController.m */; };
		091BE1241EA8AD2C00160BCF /* Dock.m in Sources */ = {isa = PBXBuildFile; fileRef = 091BE1231EA8AD2C00160BCF /* Dock.m */; };
		091BE12A1EA8AE6D00160BCF /* UIImage+Fit.m in Sources */ = {isa = PBXBuildFile; fileRef = 091BE1271EA8AE6D00160BCF /* UIImage+Fit.m */; };
		091BE12B1EA8AE6D00160BCF /* UIView+AdjustFrame.m in Sources */ = {isa = PBXBuildFile; fileRef = 091BE1291EA8AE6D00160BCF /* UIView+AdjustFrame.m */; };
		091BE12F1EA8B2EB00160BCF /* Const.m in Sources */ = {isa = PBXBuildFile; fileRef = 091BE12E1EA8B2EB00160BCF /* Const.m */; };
		091BE1321EA8BABF00160BCF /* BottomMenu.m in Sources */ = {isa = PBXBuildFile; fileRef = 091BE1311EA8BABF00160BCF /* BottomMenu.m */; };
		091BE1351EA99ECE00160BCF /* Tabbar.m in Sources */ = {isa = PBXBuildFile; fileRef = 091BE1341EA99ECE00160BCF /* Tabbar.m */; };
		091BE1381EA9A1DB00160BCF /* IconButton.m in Sources */ = {isa = PBXBuildFile; fileRef = 091BE1371EA9A1DB00160BCF /* IconButton.m */; };
		091BE13D1EAA2E6500160BCF /* MoodViewController.m in Sources */ = {isa = PBXBuildFile; fileRef = 091BE13C1EAA2E6500160BCF /* MoodViewController.m */; };
		09C19A421EA85BC400D08794 /* Login.storyboard in Resources */ = {isa = PBXBuildFile; fileRef = 09C19A401EA85BC400D08794 /* Login.storyboard */; };
		09C19A441EA85BC400D08794 /* Assets.xcassets in Resources */ = {isa = PBXBuildFile; fileRef = 09C19A431EA85BC400D08794 /* Assets.xcassets */; };
		09C19A561EA87F0700D08794 /* AppDelegate.m in Sources */ = {isa = PBXBuildFile; fileRef = 09C19A531EA87F0700D08794 /* AppDelegate.m */; };
		09C19A571EA87F0700D08794 /* main.m in Sources */ = {isa = PBXBuildFile; fileRef = 09C19A541EA87F0700D08794 /* main.m */; };
		09C19A5A1EA87F7800D08794 /* LoginController.m in Sources */ = {isa = PBXBuildFile; fileRef = 09C19A591EA87F7800D08794 /* LoginController.m */; };
		09C2B29A1EAB2E4600283F55 /* AllStatusController.m in Sources */ = {isa = PBXBuildFile; fileRef = 09C2B2991EAB2E4600283F55 /* AllStatusController.m */; };
/* End PBXBuildFile section */

/* Begin PBXFileReference section */
		091BE11F1EA8ABF300160BCF /* MainViewController.h */ = {isa = PBXFileReference; fileEncoding = 4; lastKnownFileType = sourcecode.c.h; path = MainViewController.h; sourceTree = "<group>"; };
		091BE1201EA8ABF300160BCF /* MainViewController.m */ = {isa = PBXFileReference; fileEncoding = 4; lastKnownFileType = sourcecode.c.objc; path = MainViewController.m; sourceTree = "<group>"; };
		091BE1221EA8AD2C00160BCF /* Dock.h */ = {isa = PBXFileReference; fileEncoding = 4; lastKnownFileType = sourcecode.c.h; path = Dock.h; sourceTree = "<group>"; };
		091BE1231EA8AD2C00160BCF /* Dock.m */ = {isa = PBXFileReference; fileEncoding = 4; lastKnownFileType = sourcecode.c.objc; path = Dock.m; sourceTree = "<group>"; };
		091BE1261EA8AE6D00160BCF /* UIImage+Fit.h */ = {isa = PBXFileReference; fileEncoding = 4; lastKnownFileType = sourcecode.c.h; path = "UIImage+Fit.h"; sourceTree = "<group>"; };
		091BE1271EA8AE6D00160BCF /* UIImage+Fit.m */ = {isa = PBXFileReference; fileEncoding = 4; lastKnownFileType = sourcecode.c.objc; path = "UIImage+Fit.m"; sourceTree = "<group>"; };
		091BE1281EA8AE6D00160BCF /* UIView+AdjustFrame.h */ = {isa = PBXFileReference; fileEncoding = 4; lastKnownFileType = sourcecode.c.h; path = "UIView+AdjustFrame.h"; sourceTree = "<group>"; };
		091BE1291EA8AE6D00160BCF /* UIView+AdjustFrame.m */ = {isa = PBXFileReference; fileEncoding = 4; lastKnownFileType = sourcecode.c.objc; path = "UIView+AdjustFrame.m"; sourceTree = "<group>"; };
		091BE12C1EA8AE9C00160BCF /* PrefixHeader.pch */ = {isa = PBXFileReference; lastKnownFileType = sourcecode.c.h; name = PrefixHeader.pch; path = QQZone/Classes/Other/PrefixHeader.pch; sourceTree = SOURCE_ROOT; };
		091BE12D1EA8B2EB00160BCF /* Const.h */ = {isa = PBXFileReference; fileEncoding = 4; lastKnownFileType = sourcecode.c.h; path = Const.h; sourceTree = "<group>"; };
		091BE12E1EA8B2EB00160BCF /* Const.m */ = {isa = PBXFileReference; fileEncoding = 4; lastKnownFileType = sourcecode.c.objc; path = Const.m; sourceTree = "<group>"; };
		091BE1301EA8BABF00160BCF /* BottomMenu.h */ = {isa = PBXFileReference; fileEncoding = 4; lastKnownFileType = sourcecode.c.h; path = BottomMenu.h; sourceTree = "<group>"; };
		091BE1311EA8BABF00160BCF /* BottomMenu.m */ = {isa = PBXFileReference; fileEncoding = 4; lastKnownFileType = sourcecode.c.objc; path = BottomMenu.m; sourceTree = "<group>"; };
		091BE1331EA99ECE00160BCF /* Tabbar.h */ = {isa = PBXFileReference; fileEncoding = 4; lastKnownFileType = sourcecode.c.h; path = Tabbar.h; sourceTree = "<group>"; };
		091BE1341EA99ECE00160BCF /* Tabbar.m */ = {isa = PBXFileReference; fileEncoding = 4; lastKnownFileType = sourcecode.c.objc; path = Tabbar.m; sourceTree = "<group>"; };
		091BE1361EA9A1DB00160BCF /* IconButton.h */ = {isa = PBXFileReference; fileEncoding = 4; lastKnownFileType = sourcecode.c.h; path = IconButton.h; sourceTree = "<group>"; };
		091BE1371EA9A1DB00160BCF /* IconButton.m */ = {isa = PBXFileReference; fileEncoding = 4; lastKnownFileType = sourcecode.c.objc; path = IconButton.m; sourceTree = "<group>"; };
		091BE13B1EAA2E6500160BCF /* MoodViewController.h */ = {isa = PBXFileReference; fileEncoding = 4; lastKnownFileType = sourcecode.c.h; path = MoodViewController.h; sourceTree = "<group>"; };
		091BE13C1EAA2E6500160BCF /* MoodViewController.m */ = {isa = PBXFileReference; fileEncoding = 4; lastKnownFileType = sourcecode.c.objc; path = MoodViewController.m; sourceTree = "<group>"; };
		09C19A341EA85BC400D08794 /* QQZone.app */ = {isa = PBXFileReference; explicitFileType = wrapper.application; includeInIndex = 0; path = QQZone.app; sourceTree = BUILT_PRODUCTS_DIR; };
		09C19A411EA85BC400D08794 /* Base */ = {isa = PBXFileReference; lastKnownFileType = file.storyboard; name = Base; path = Base.lproj/Login.storyboard; sourceTree = "<group>"; };
		09C19A431EA85BC400D08794 /* Assets.xcassets */ = {isa = PBXFileReference; lastKnownFileType = folder.assetcatalog; path = Assets.xcassets; sourceTree = "<group>"; };
		09C19A481EA85BC400D08794 /* Info.plist */ = {isa = PBXFileReference; lastKnownFileType = text.plist.xml; path = Info.plist; sourceTree = "<group>"; };
		09C19A521EA87F0700D08794 /* AppDelegate.h */ = {isa = PBXFileReference; fileEncoding = 4; lastKnownFileType = sourcecode.c.h; path = AppDelegate.h; sourceTree = "<group>"; };
		09C19A531EA87F0700D08794 /* AppDelegate.m */ = {isa = PBXFileReference; fileEncoding = 4; lastKnownFileType = sourcecode.c.objc; path = AppDelegate.m; sourceTree = "<group>"; };
		09C19A541EA87F0700D08794 /* main.m */ = {isa = PBXFileReference; fileEncoding = 4; lastKnownFileType = sourcecode.c.objc; path = main.m; sourceTree = "<group>"; };
		09C19A581EA87F7800D08794 /* LoginController.h */ = {isa = PBXFileReference; fileEncoding = 4; lastKnownFileType = sourcecode.c.h; path = LoginController.h; sourceTree = "<group>"; };
		09C19A591EA87F7800D08794 /* LoginController.m */ = {isa = PBXFileReference; fileEncoding = 4; lastKnownFileType = sourcecode.c.objc; path = LoginController.m; sourceTree = "<group>"; };
		09C2B2981EAB2E4600283F55 /* AllStatusController.h */ = {isa = PBXFileReference; fileEncoding = 4; lastKnownFileType = sourcecode.c.h; path = AllStatusController.h; sourceTree = "<group>"; };
		09C2B2991EAB2E4600283F55 /* AllStatusController.m */ = {isa = PBXFileReference; fileEncoding = 4; lastKnownFileType = sourcecode.c.objc; path = AllStatusController.m; sourceTree = "<group>"; };
/* End PBXFileReference section */

/* Begin PBXFrameworksBuildPhase section */
		09C19A311EA85BC400D08794 /* Frameworks */ = {
			isa = PBXFrameworksBuildPhase;
			buildActionMask = 2147483647;
			files = (
			);
			runOnlyForDeploymentPostprocessing = 0;
		};
/* End PBXFrameworksBuildPhase section */

/* Begin PBXGroup section */
		091BE1251EA8AE6D00160BCF /* Category */ = {
			isa = PBXGroup;
			children = (
				091BE1261EA8AE6D00160BCF /* UIImage+Fit.h */,
				091BE1271EA8AE6D00160BCF /* UIImage+Fit.m */,
				091BE1281EA8AE6D00160BCF /* UIView+AdjustFrame.h */,
				091BE1291EA8AE6D00160BCF /* UIView+AdjustFrame.m */,
			);
			path = Category;
			sourceTree = "<group>";
		};
		09C19A2B1EA85BC400D08794 = {
			isa = PBXGroup;
			children = (
				09C19A361EA85BC400D08794 /* QQZone */,
				09C19A351EA85BC400D08794 /* Products */,
			);
			sourceTree = "<group>";
		};
		09C19A351EA85BC400D08794 /* Products */ = {
			isa = PBXGroup;
			children = (
				09C19A341EA85BC400D08794 /* QQZone.app */,
			);
			name = Products;
			sourceTree = "<group>";
		};
		09C19A361EA85BC400D08794 /* QQZone */ = {
			isa = PBXGroup;
			children = (
				09C19A4E1EA87F0700D08794 /* Classes */,
				09C19A401EA85BC400D08794 /* Login.storyboard */,
				091BE12C1EA8AE9C00160BCF /* PrefixHeader.pch */,
				09C19A431EA85BC400D08794 /* Assets.xcassets */,
				09C19A481EA85BC400D08794 /* Info.plist */,
				09C19A371EA85BC400D08794 /* Supporting Files */,
			);
			path = QQZone;
			sourceTree = "<group>";
		};
		09C19A371EA85BC400D08794 /* Supporting Files */ = {
			isa = PBXGroup;
			children = (
			);
			name = "Supporting Files";
			sourceTree = "<group>";
		};
		09C19A4E1EA87F0700D08794 /* Classes */ = {
			isa = PBXGroup;
			children = (
				091BE1251EA8AE6D00160BCF /* Category */,
				09C19A501EA87F0700D08794 /* Model */,
				09C19A551EA87F0700D08794 /* View */,
				09C19A4F1EA87F0700D08794 /* Controller */,
				09C19A511EA87F0700D08794 /* Other */,
			);
			path = Classes;
			sourceTree = "<group>";
		};
		09C19A4F1EA87F0700D08794 /* Controller */ = {
			isa = PBXGroup;
			children = (
				09C19A581EA87F7800D08794 /* LoginController.h */,
				09C19A591EA87F7800D08794 /* LoginController.m */,
				091BE11F1EA8ABF300160BCF /* MainViewController.h */,
				091BE1201EA8ABF300160BCF /* MainViewController.m */,
				091BE13B1EAA2E6500160BCF /* MoodViewController.h */,
				091BE13C1EAA2E6500160BCF /* MoodViewController.m */,
				09C2B2981EAB2E4600283F55 /* AllStatusController.h */,
				09C2B2991EAB2E4600283F55 /* AllStatusController.m */,
			);
			path = Controller;
			sourceTree = "<group>";
		};
		09C19A501EA87F0700D08794 /* Model */ = {
			isa = PBXGroup;
			children = (
			);
			path = Model;
			sourceTree = "<group>";
		};
		09C19A511EA87F0700D08794 /* Other */ = {
			isa = PBXGroup;
			children = (
				09C19A521EA87F0700D08794 /* AppDelegate.h */,
				09C19A531EA87F0700D08794 /* AppDelegate.m */,
				09C19A541EA87F0700D08794 /* main.m */,
				091BE12D1EA8B2EB00160BCF /* Const.h */,
				091BE12E1EA8B2EB00160BCF /* Const.m */,
			);
			path = Other;
			sourceTree = "<group>";
		};
		09C19A551EA87F0700D08794 /* View */ = {
			isa = PBXGroup;
			children = (
				091BE1221EA8AD2C00160BCF /* Dock.h */,
				091BE1231EA8AD2C00160BCF /* Dock.m */,
				091BE1361EA9A1DB00160BCF /* IconButton.h */,
				091BE1371EA9A1DB00160BCF /* IconButton.m */,
				091BE1331EA99ECE00160BCF /* Tabbar.h */,
				091BE1341EA99ECE00160BCF /* Tabbar.m */,
				091BE1301EA8BABF00160BCF /* BottomMenu.h */,
				091BE1311EA8BABF00160BCF /* BottomMenu.m */,
			);
			path = View;
			sourceTree = "<group>";
		};
/* End PBXGroup section */

/* Begin PBXNativeTarget section */
		09C19A331EA85BC400D08794 /* QQZone */ = {
			isa = PBXNativeTarget;
			buildConfigurationList = 09C19A4B1EA85BC400D08794 /* Build configuration list for PBXNativeTarget "QQZone" */;
			buildPhases = (
				09C19A301EA85BC400D08794 /* Sources */,
				09C19A311EA85BC400D08794 /* Frameworks */,
				09C19A321EA85BC400D08794 /* Resources */,
			);
			buildRules = (
			);
			dependencies = (
			);
			name = QQZone;
			productName = QQZone;
			productReference = 09C19A341EA85BC400D08794 /* QQZone.app */;
			productType = "com.apple.product-type.application";
		};
/* End PBXNativeTarget section */

/* Begin PBXProject section */
		09C19A2C1EA85BC400D08794 /* Project object */ = {
			isa = PBXProject;
			attributes = {
				LastUpgradeCheck = 0920;
				ORGANIZATIONNAME = developershang;
				TargetAttributes = {
					09C19A331EA85BC400D08794 = {
						CreatedOnToolsVersion = 8.3.1;
						DevelopmentTeam = 7B7K64X9LC;
						ProvisioningStyle = Automatic;
					};
				};
			};
			buildConfigurationList = 09C19A2F1EA85BC400D08794 /* Build configuration list for PBXProject "QQZone" */;
			compatibilityVersion = "Xcode 3.2";
			developmentRegion = English;
			hasScannedForEncodings = 0;
			knownRegions = (
				en,
				Base,
			);
			mainGroup = 09C19A2B1EA85BC400D08794;
			productRefGroup = 09C19A351EA85BC400D08794 /* Products */;
			projectDirPath = "";
			projectRoot = "";
			targets = (
				09C19A331EA85BC400D08794 /* QQZone */,
			);
		};
/* End PBXProject section */

/* Begin PBXResourcesBuildPhase section */
		09C19A321EA85BC400D08794 /* Resources */ = {
			isa = PBXResourcesBuildPhase;
			buildActionMask = 2147483647;
			files = (
				09C19A441EA85BC400D08794 /* Assets.xcassets in Resources */,
				09C19A421EA85BC400D08794 /* Login.storyboard in Resources */,
			);
			runOnlyForDeploymentPostprocessing = 0;
		};
/* End PBXResourcesBuildPhase section */

/* Begin PBXSourcesBuildPhase section */
		09C19A301EA85BC400D08794 /* Sources */ = {
			isa = PBXSourcesBuildPhase;
			buildActionMask = 2147483647;
			files = (
				091BE1241EA8AD2C00160BCF /* Dock.m in Sources */,
				091BE13D1EAA2E6500160BCF /* MoodViewController.m in Sources */,
				091BE12F1EA8B2EB00160BCF /* Const.m in Sources */,
				09C2B29A1EAB2E4600283F55 /* AllStatusController.m in Sources */,
				091BE1381EA9A1DB00160BCF /* IconButton.m in Sources */,
				091BE12B1EA8AE6D00160BCF /* UIView+AdjustFrame.m in Sources */,
				09C19A571EA87F0700D08794 /* main.m in Sources */,
				09C19A561EA87F0700D08794 /* AppDelegate.m in Sources */,
				091BE1351EA99ECE00160BCF /* Tabbar.m in Sources */,
				091BE12A1EA8AE6D00160BCF /* UIImage+Fit.m in Sources */,
				09C19A5A1EA87F7800D08794 /* LoginController.m in Sources */,
				091BE1321EA8BABF00160BCF /* BottomMenu.m in Sources */,
				091BE1211EA8ABF300160BCF /* MainViewController.m in Sources */,
			);
			runOnlyForDeploymentPostprocessing = 0;
		};
/* End PBXSourcesBuildPhase section */

/* Begin PBXVariantGroup section */
		09C19A401EA85BC400D08794 /* Login.storyboard */ = {
			isa = PBXVariantGroup;
			children = (
				09C19A411EA85BC400D08794 /* Base */,
			);
			name = Login.storyboard;
			sourceTree = "<group>";
		};
/* End PBXVariantGroup section */

/* Begin XCBuildConfiguration section */
		09C19A491EA85BC400D08794 /* Debug */ = {
			isa = XCBuildConfiguration;
			buildSettings = {
				ALWAYS_SEARCH_USER_PATHS = NO;
				CLANG_ANALYZER_NONNULL = YES;
				CLANG_ANALYZER_NUMBER_OBJECT_CONVERSION = YES_AGGRESSIVE;
				CLANG_CXX_LANGUAGE_STANDARD = "gnu++0x";
				CLANG_CXX_LIBRARY = "libc++";
				CLANG_ENABLE_MODULES = YES;
				CLANG_ENABLE_OBJC_ARC = YES;
				CLANG_WARN_BLOCK_CAPTURE_AUTORELEASING = YES;
				CLANG_WARN_BOOL_CONVERSION = YES;
				CLANG_WARN_COMMA = YES;
				CLANG_WARN_CONSTANT_CONVERSION = YES;
				CLANG_WARN_DIRECT_OBJC_ISA_USAGE = YES_ERROR;
				CLANG_WARN_DOCUMENTATION_COMMENTS = YES;
				CLANG_WARN_EMPTY_BODY = YES;
				CLANG_WARN_ENUM_CONVERSION = YES;
				CLANG_WARN_INFINITE_RECURSION = YES;
				CLANG_WARN_INT_CONVERSION = YES;
				CLANG_WARN_NON_LITERAL_NULL_CONVERSION = YES;
				CLANG_WARN_OBJC_LITERAL_CONVERSION = YES;
				CLANG_WARN_OBJC_ROOT_CLASS = YES_ERROR;
				CLANG_WARN_RANGE_LOOP_ANALYSIS = YES;
				CLANG_WARN_STRICT_PROTOTYPES = YES;
				CLANG_WARN_SUSPICIOUS_MOVE = YES;
				CLANG_WARN_UNREACHABLE_CODE = YES;
				CLANG_WARN__DUPLICATE_METHOD_MATCH = YES;
				"CODE_SIGN_IDENTITY[sdk=iphoneos*]" = "iPhone Developer";
				COPY_PHASE_STRIP = NO;
				DEBUG_INFORMATION_FORMAT = dwarf;
				ENABLE_STRICT_OBJC_MSGSEND = YES;
				ENABLE_TESTABILITY = YES;
				GCC_C_LANGUAGE_STANDARD = gnu99;
				GCC_DYNAMIC_NO_PIC = NO;
				GCC_NO_COMMON_BLOCKS = YES;
				GCC_OPTIMIZATION_LEVEL = 0;
				GCC_PREPROCESSOR_DEFINITIONS = (
					"DEBUG=1",
					"$(inherited)",
				);
				GCC_WARN_64_TO_32_BIT_CONVERSION = YES;
				GCC_WARN_ABOUT_RETURN_TYPE = YES_ERROR;
				GCC_WARN_UNDECLARED_SELECTOR = YES;
				GCC_WARN_UNINITIALIZED_AUTOS = YES_AGGRESSIVE;
				GCC_WARN_UNUSED_FUNCTION = YES;
				GCC_WARN_UNUSED_VARIABLE = YES;
				IPHONEOS_DEPLOYMENT_TARGET = 10.3;
				MTL_ENABLE_DEBUG_INFO = YES;
				ONLY_ACTIVE_ARCH = YES;
				SDKROOT = iphoneos;
				TARGETED_DEVICE_FAMILY = "1,2";
			};
			name = Debug;
		};
		09C19A4A1EA85BC400D08794 /* Release */ = {
			isa = XCBuildConfiguration;
			buildSettings = {
				ALWAYS_SEARCH_USER_PATHS = NO;
				CLANG_ANALYZER_NONNULL = YES;
				CLANG_ANALYZER_NUMBER_OBJECT_CONVERSION = YES_AGGRESSIVE;
				CLANG_CXX_LANGUAGE_STANDARD = "gnu++0x";
				CLANG_CXX_LIBRARY = "libc++";
				CLANG_ENABLE_MODULES = YES;
				CLANG_ENABLE_OBJC_ARC = YES;
				CLANG_WARN_BLOCK_CAPTURE_AUTORELEASING = YES;
				CLANG_WARN_BOOL_CONVERSION = YES;
				CLANG_WARN_COMMA = YES;
				CLANG_WARN_CONSTANT_CONVERSION = YES;
				CLANG_WARN_DIRECT_OBJC_ISA_USAGE = YES_ERROR;
				CLANG_WARN_DOCUMENTATION_COMMENTS = YES;
				CLANG_WARN_EMPTY_BODY = YES;
				CLANG_WARN_ENUM_CONVERSION = YES;
				CLANG_WARN_INFINITE_RECURSION = YES;
				CLANG_WARN_INT_CONVERSION = YES;
				CLANG_WARN_NON_LITERAL_NULL_CONVERSION = YES;
				CLANG_WARN_OBJC_LITERAL_CONVERSION = YES;
				CLANG_WARN_OBJC_ROOT_CLASS = YES_ERROR;
				CLANG_WARN_RANGE_LOOP_ANALYSIS = YES;
				CLANG_WARN_STRICT_PROTOTYPES = YES;
				CLANG_WARN_SUSPICIOUS_MOVE = YES;
				CLANG_WARN_UNREACHABLE_CODE = YES;
				CLANG_WARN__DUPLICATE_METHOD_MATCH = YES;
				"CODE_SIGN_IDENTITY[sdk=iphoneos*]" = "iPhone Developer";
				COPY_PHASE_STRIP = NO;
				DEBUG_INFORMATION_FORMAT = "dwarf-with-dsym";
				ENABLE_NS_ASSERTIONS = NO;
				ENABLE_STRICT_OBJC_MSGSEND = YES;
				GCC_C_LANGUAGE_STANDARD = gnu99;
				GCC_NO_COMMON_BLOCKS = YES;
				GCC_WARN_64_TO_32_BIT_CONVERSION = YES;
				GCC_WARN_ABOUT_RETURN_TYPE = YES_ERROR;
				GCC_WARN_UNDECLARED_SELECTOR = YES;
				GCC_WARN_UNINITIALIZED_AUTOS = YES_AGGRESSIVE;
				GCC_WARN_UNUSED_FUNCTION = YES;
				GCC_WARN_UNUSED_VARIABLE = YES;
				IPHONEOS_DEPLOYMENT_TARGET = 10.3;
				MTL_ENABLE_DEBUG_INFO = NO;
				SDKROOT = iphoneos;
				TARGETED_DEVICE_FAMILY = "1,2";
				VALIDATE_PRODUCT = YES;
			};
			name = Release;
		};
		09C19A4C1EA85BC400D08794 /* Debug */ = {
			isa = XCBuildConfiguration;
			buildSettings = {
				ASSETCATALOG_COMPILER_APPICON_NAME = AppIcon;
				ASSETCATALOG_COMPILER_LAUNCHIMAGE_NAME = LaunchImage;
				DEVELOPMENT_TEAM = 7B7K64X9LC;
				GCC_PRECOMPILE_PREFIX_HEADER = YES;
				GCC_PREFIX_HEADER = QQZone/Classes/Other/PrefixHeader.pch;
				INFOPLIST_FILE = QQZone/Info.plist;
				IPHONEOS_DEPLOYMENT_TARGET = 8.3;
				LD_RUNPATH_SEARCH_PATHS = "$(inherited) @executable_path/Frameworks";
				PRODUCT_BUNDLE_IDENTIFIER = "----.QQZone";
				PRODUCT_NAME = "$(TARGET_NAME)";
				TARGETED_DEVICE_FAMILY = 2;
			};
			name = Debug;
		};
		09C19A4D1EA85BC400D08794 /* Release */ = {
			isa = XCBuildConfiguration;
			buildSettings = {
				ASSETCATALOG_COMPILER_APPICON_NAME = AppIcon;
				ASSETCATALOG_COMPILER_LAUNCHIMAGE_NAME = LaunchImage;
				DEVELOPMENT_TEAM = 7B7K64X9LC;
				GCC_PRECOMPILE_PREFIX_HEADER = YES;
				GCC_PREFIX_HEADER = QQZone/Classes/Other/PrefixHeader.pch;
				INFOPLIST_FILE = QQZone/Info.plist;
				IPHONEOS_DEPLOYMENT_TARGET = 8.3;
				LD_RUNPATH_SEARCH_PATHS = "$(inherited) @executable_path/Frameworks";
				PRODUCT_BUNDLE_IDENTIFIER = "----.QQZone";
				PRODUCT_NAME = "$(TARGET_NAME)";
				TARGETED_DEVICE_FAMILY = 2;
			};
			name = Release;
		};
/* End XCBuildConfiguration section */

/* Begin XCConfigurationList section */
		09C19A2F1EA85BC400D08794 /* Build configuration list for PBXProject "QQZone" */ = {
			isa = XCConfigurationList;
			buildConfigurations = (
				09C19A491EA85BC400D08794 /* Debug */,
				09C19A4A1EA85BC400D08794 /* Release */,
			);
			defaultConfigurationIsVisible = 0;
			defaultConfigurationName = Release;
		};
		09C19A4B1EA85BC400D08794 /* Build configuration list for PBXNativeTarget "QQZone" */ = {
			isa = XCConfigurationList;
			buildConfigurations = (
				09C19A4C1EA85BC400D08794 /* Debug */,
				09C19A4D1EA85BC400D08794 /* Release */,
			);
			defaultConfigurationIsVisible = 0;
			defaultConfigurationName = Release;
		};
/* End XCConfigurationList section */
	};
	rootObject = 09C19A2C1EA85BC400D08794 /* Project object */;
}
